
Microsoft Visual Studio Solution File, Format Version 12.00
# Visual Studio 14
VisualStudioVersion = 14.0.25123.0
MinimumVisualStudioVersion = 10.0.40219.1
Project("{362C7CC9-8C1F-4F0E-AFB3-C64895754F9E}") = "Sitecore.Support.179244", "Sitecore.Support.179244\Sitecore.Support.179244.csproj", "{2E981498-5CD3-4C99-BFE9-6C6D1C78020D}"
EndProject
Global
	GlobalSection(SolutionConfigurationPlatforms) = preSolution
		Debug|Any CPU = Debug|Any CPU
		Release|Any CPU = Release|Any CPU
	EndGlobalSection
	GlobalSection(ProjectConfigurationPlatforms) = postSolution
		{2E981498-5CD3-4C99-BFE9-6C6D1C78020D}.Debug|Any CPU.ActiveCfg = Debug|Any CPU
		{2E981498-5CD3-4C99-BFE9-6C6D1C78020D}.Debug|Any CPU.Build.0 = Debug|Any CPU
		{2E981498-5CD3-4C99-BFE9-6C6D1C78020D}.Release|Any CPU.ActiveCfg = Release|Any CPU
		{2E981498-5CD3-4C99-BFE9-6C6D1C78020D}.Release|Any CPU.Build.0 = Release|Any CPU
	EndGlobalSection
	GlobalSection(SolutionProperties) = preSolution
		HideSolutionNode = FALSE
	EndGlobalSection
EndGlobal
